
Microsoft Visual Studio Solution File, Format Version 12.00
Project("{2150E333-8FDC-42A3-9474-1A3956D46DE8}") = "lab-1", "lab-1", "{9FA52A4D-F5B5-4084-938D-29F16E06D808}"
EndProject
Project("{2150E333-8FDC-42A3-9474-1A3956D46DE8}") = "lab-2", "lab-2", "{7BB15122-B041-42D4-B04F-86AF87925269}"
	ProjectSection(SolutionItems) = preProject
		lab-2\README.md = lab-2\README.md
		lab-2\1000 и одна причина поставить доп баллы.pptx = lab-2\1000 и одна причина поставить доп баллы.pptx
	EndProjectSection
EndProject
Project("{2150E333-8FDC-42A3-9474-1A3956D46DE8}") = "lab-3", "lab-3", "{45532A8E-E83A-43C5-AD22-FC6D8B90585B}"
EndProject
Project("{2150E333-8FDC-42A3-9474-1A3956D46DE8}") = "lab-4", "lab-4", "{589A916E-279C-4E20-BA0F-E6E738736A41}"
	ProjectSection(SolutionItems) = preProject
		lab-4\README.md = lab-4\README.md
	EndProjectSection
EndProject
Project("{2150E333-8FDC-42A3-9474-1A3956D46DE8}") = "lab-5", "lab-5", "{751BDE27-47C0-45BB-AC7E-75A4AD9E54A4}"
EndProject
Project("{FAE04EC0-301F-11D3-BF4B-00C04F79EFBC}") = "Task1", "lab-1\Task1\Task1.csproj", "{59356D4C-00AE-42E1-9C73-F0310C9826A8}"
EndProject
Project("{F2A71F9B-5D33-465A-A702-920D77279786}") = "Task2_FSharp", "lab-1\Task2_FSharp\Task2_FSharp.fsproj", "{A7946010-BA65-45D9-BE18-129F5C836BCA}"
EndProject
Project("{FAE04EC0-301F-11D3-BF4B-00C04F79EFBC}") = "Task2_CSharp", "lab-1\Task2_CSharp\Task2_CSharp.csproj", "{1660C3FE-3560-45D4-BCE8-5845471591B4}"
EndProject
Project("{FAE04EC0-301F-11D3-BF4B-00C04F79EFBC}") = "Task4_CSharp", "lab-1\Task4_CSharp\Task4_CSharp.csproj", "{EBFEF99C-1014-4828-BAF6-76E881518004}"
EndProject
Project("{FAE04EC0-301F-11D3-BF4B-00C04F79EFBC}") = "Task3_CSharp", "lab-1\Task3_CSharp\Task3_CSharp.csproj", "{C8C6DDEA-7253-4EA0-BA9B-B0D044385965}"
EndProject
Project("{F2A71F9B-5D33-465A-A702-920D77279786}") = "Task3_FSharp", "lab-1\Task3_FSharp\Task3_FSharp.fsproj", "{F4A7F07E-56A2-4445-A652-E3628BD4026B}"
EndProject
Project("{FAE04EC0-301F-11D3-BF4B-00C04F79EFBC}") = "Task5_FileSystem_Application", "lab-1\Task5_FileSystem_Application\Task5_FileSystem_Application.csproj", "{C167CA82-9FFA-4093-B246-F9A9712BFB2F}"
EndProject
Project("{FAE04EC0-301F-11D3-BF4B-00C04F79EFBC}") = "Task5_MoqSystem_Application", "lab-1\Task5_MoqSystem_Application\Task5_MoqSystem_Application.csproj", "{9F07C41F-C22E-47DF-AAF4-5AAD2B877909}"
EndProject
Project("{2150E333-8FDC-42A3-9474-1A3956D46DE8}") = "Reports", "Reports", "{1218C507-0FBB-4357-A3EC-E065F4EE9A90}"
	ProjectSection(SolutionItems) = preProject
		README.md = README.md
	EndProjectSection
EndProject
Project("{FAE04EC0-301F-11D3-BF4B-00C04F79EFBC}") = "ConsoleApp", "lab-2\ConsoleApp\ConsoleApp.csproj", "{677C77A7-6D96-47D3-93F3-2A9C27170380}"
EndProject
Project("{FAE04EC0-301F-11D3-BF4B-00C04F79EFBC}") = "SourceGenerator", "lab-2\SourceGenerator\SourceGenerator.csproj", "{1DBAD7FA-C822-4F6C-A713-8850CE9B7895}"
EndProject
Project("{FAE04EC0-301F-11D3-BF4B-00C04F79EFBC}") = "PerfTips.NodeClient", "lab-4\PerfTips.NodeClient\PerfTips.NodeClient.csproj", "{935948C0-A7BE-4773-8DF4-CD03D44C3D4B}"
EndProject
Project("{FAE04EC0-301F-11D3-BF4B-00C04F79EFBC}") = "PerfTips.ServerClient", "lab-4\PerfTips.ServerClient\PerfTips.ServerClient.csproj", "{73A7B6B4-FBB6-41A1-ABAE-652AA492C36D}"
EndProject
Project("{FAE04EC0-301F-11D3-BF4B-00C04F79EFBC}") = "PerfTips.Shared", "lab-4\PerfTips.Shared\PerfTips.Shared.csproj", "{85F53E71-B879-424A-9369-F68D2A8AF78B}"
EndProject
Project("{FAE04EC0-301F-11D3-BF4B-00C04F79EFBC}") = "PerfTips.FilesGenerator", "lab-4\PerfTips.FilesGenerator\PerfTips.FilesGenerator.csproj", "{ED602C5A-D958-4954-8373-4A6AED36F574}"
EndProject
Global
	GlobalSection(SolutionConfigurationPlatforms) = preSolution
		Debug|Any CPU = Debug|Any CPU
		Release|Any CPU = Release|Any CPU
	EndGlobalSection
	GlobalSection(NestedProjects) = preSolution
		{59356D4C-00AE-42E1-9C73-F0310C9826A8} = {9FA52A4D-F5B5-4084-938D-29F16E06D808}
		{A7946010-BA65-45D9-BE18-129F5C836BCA} = {9FA52A4D-F5B5-4084-938D-29F16E06D808}
		{1660C3FE-3560-45D4-BCE8-5845471591B4} = {9FA52A4D-F5B5-4084-938D-29F16E06D808}
		{EBFEF99C-1014-4828-BAF6-76E881518004} = {9FA52A4D-F5B5-4084-938D-29F16E06D808}
		{C8C6DDEA-7253-4EA0-BA9B-B0D044385965} = {9FA52A4D-F5B5-4084-938D-29F16E06D808}
		{F4A7F07E-56A2-4445-A652-E3628BD4026B} = {9FA52A4D-F5B5-4084-938D-29F16E06D808}
		{C167CA82-9FFA-4093-B246-F9A9712BFB2F} = {9FA52A4D-F5B5-4084-938D-29F16E06D808}
		{9F07C41F-C22E-47DF-AAF4-5AAD2B877909} = {9FA52A4D-F5B5-4084-938D-29F16E06D808}
		{677C77A7-6D96-47D3-93F3-2A9C27170380} = {7BB15122-B041-42D4-B04F-86AF87925269}
		{1DBAD7FA-C822-4F6C-A713-8850CE9B7895} = {7BB15122-B041-42D4-B04F-86AF87925269}
		{935948C0-A7BE-4773-8DF4-CD03D44C3D4B} = {589A916E-279C-4E20-BA0F-E6E738736A41}
		{73A7B6B4-FBB6-41A1-ABAE-652AA492C36D} = {589A916E-279C-4E20-BA0F-E6E738736A41}
		{85F53E71-B879-424A-9369-F68D2A8AF78B} = {589A916E-279C-4E20-BA0F-E6E738736A41}
		{ED602C5A-D958-4954-8373-4A6AED36F574} = {589A916E-279C-4E20-BA0F-E6E738736A41}
	EndGlobalSection
	GlobalSection(ProjectConfigurationPlatforms) = postSolution
		{59356D4C-00AE-42E1-9C73-F0310C9826A8}.Debug|Any CPU.ActiveCfg = Debug|Any CPU
		{59356D4C-00AE-42E1-9C73-F0310C9826A8}.Debug|Any CPU.Build.0 = Debug|Any CPU
		{59356D4C-00AE-42E1-9C73-F0310C9826A8}.Release|Any CPU.ActiveCfg = Release|Any CPU
		{59356D4C-00AE-42E1-9C73-F0310C9826A8}.Release|Any CPU.Build.0 = Release|Any CPU
		{A7946010-BA65-45D9-BE18-129F5C836BCA}.Debug|Any CPU.ActiveCfg = Debug|Any CPU
		{A7946010-BA65-45D9-BE18-129F5C836BCA}.Debug|Any CPU.Build.0 = Debug|Any CPU
		{A7946010-BA65-45D9-BE18-129F5C836BCA}.Release|Any CPU.ActiveCfg = Release|Any CPU
		{A7946010-BA65-45D9-BE18-129F5C836BCA}.Release|Any CPU.Build.0 = Release|Any CPU
		{1660C3FE-3560-45D4-BCE8-5845471591B4}.Debug|Any CPU.ActiveCfg = Debug|Any CPU
		{1660C3FE-3560-45D4-BCE8-5845471591B4}.Debug|Any CPU.Build.0 = Debug|Any CPU
		{1660C3FE-3560-45D4-BCE8-5845471591B4}.Release|Any CPU.ActiveCfg = Release|Any CPU
		{1660C3FE-3560-45D4-BCE8-5845471591B4}.Release|Any CPU.Build.0 = Release|Any CPU
		{EBFEF99C-1014-4828-BAF6-76E881518004}.Debug|Any CPU.ActiveCfg = Debug|Any CPU
		{EBFEF99C-1014-4828-BAF6-76E881518004}.Debug|Any CPU.Build.0 = Debug|Any CPU
		{EBFEF99C-1014-4828-BAF6-76E881518004}.Release|Any CPU.ActiveCfg = Release|Any CPU
		{EBFEF99C-1014-4828-BAF6-76E881518004}.Release|Any CPU.Build.0 = Release|Any CPU
		{C8C6DDEA-7253-4EA0-BA9B-B0D044385965}.Debug|Any CPU.ActiveCfg = Debug|Any CPU
		{C8C6DDEA-7253-4EA0-BA9B-B0D044385965}.Debug|Any CPU.Build.0 = Debug|Any CPU
		{C8C6DDEA-7253-4EA0-BA9B-B0D044385965}.Release|Any CPU.ActiveCfg = Release|Any CPU
		{C8C6DDEA-7253-4EA0-BA9B-B0D044385965}.Release|Any CPU.Build.0 = Release|Any CPU
		{F4A7F07E-56A2-4445-A652-E3628BD4026B}.Debug|Any CPU.ActiveCfg = Debug|Any CPU
		{F4A7F07E-56A2-4445-A652-E3628BD4026B}.Debug|Any CPU.Build.0 = Debug|Any CPU
		{F4A7F07E-56A2-4445-A652-E3628BD4026B}.Release|Any CPU.ActiveCfg = Release|Any CPU
		{F4A7F07E-56A2-4445-A652-E3628BD4026B}.Release|Any CPU.Build.0 = Release|Any CPU
		{C167CA82-9FFA-4093-B246-F9A9712BFB2F}.Debug|Any CPU.ActiveCfg = Debug|Any CPU
		{C167CA82-9FFA-4093-B246-F9A9712BFB2F}.Debug|Any CPU.Build.0 = Debug|Any CPU
		{C167CA82-9FFA-4093-B246-F9A9712BFB2F}.Release|Any CPU.ActiveCfg = Release|Any CPU
		{C167CA82-9FFA-4093-B246-F9A9712BFB2F}.Release|Any CPU.Build.0 = Release|Any CPU
		{9F07C41F-C22E-47DF-AAF4-5AAD2B877909}.Debug|Any CPU.ActiveCfg = Debug|Any CPU
		{9F07C41F-C22E-47DF-AAF4-5AAD2B877909}.Debug|Any CPU.Build.0 = Debug|Any CPU
		{9F07C41F-C22E-47DF-AAF4-5AAD2B877909}.Release|Any CPU.ActiveCfg = Release|Any CPU
		{9F07C41F-C22E-47DF-AAF4-5AAD2B877909}.Release|Any CPU.Build.0 = Release|Any CPU
		{677C77A7-6D96-47D3-93F3-2A9C27170380}.Debug|Any CPU.ActiveCfg = Debug|Any CPU
		{677C77A7-6D96-47D3-93F3-2A9C27170380}.Debug|Any CPU.Build.0 = Debug|Any CPU
		{677C77A7-6D96-47D3-93F3-2A9C27170380}.Release|Any CPU.ActiveCfg = Release|Any CPU
		{677C77A7-6D96-47D3-93F3-2A9C27170380}.Release|Any CPU.Build.0 = Release|Any CPU
		{1DBAD7FA-C822-4F6C-A713-8850CE9B7895}.Debug|Any CPU.ActiveCfg = Debug|Any CPU
		{1DBAD7FA-C822-4F6C-A713-8850CE9B7895}.Debug|Any CPU.Build.0 = Debug|Any CPU
		{1DBAD7FA-C822-4F6C-A713-8850CE9B7895}.Release|Any CPU.ActiveCfg = Release|Any CPU
		{1DBAD7FA-C822-4F6C-A713-8850CE9B7895}.Release|Any CPU.Build.0 = Release|Any CPU
		{935948C0-A7BE-4773-8DF4-CD03D44C3D4B}.Debug|Any CPU.ActiveCfg = Debug|Any CPU
		{935948C0-A7BE-4773-8DF4-CD03D44C3D4B}.Debug|Any CPU.Build.0 = Debug|Any CPU
		{935948C0-A7BE-4773-8DF4-CD03D44C3D4B}.Release|Any CPU.ActiveCfg = Release|Any CPU
		{935948C0-A7BE-4773-8DF4-CD03D44C3D4B}.Release|Any CPU.Build.0 = Release|Any CPU
		{73A7B6B4-FBB6-41A1-ABAE-652AA492C36D}.Debug|Any CPU.ActiveCfg = Debug|Any CPU
		{73A7B6B4-FBB6-41A1-ABAE-652AA492C36D}.Debug|Any CPU.Build.0 = Debug|Any CPU
		{73A7B6B4-FBB6-41A1-ABAE-652AA492C36D}.Release|Any CPU.ActiveCfg = Release|Any CPU
		{73A7B6B4-FBB6-41A1-ABAE-652AA492C36D}.Release|Any CPU.Build.0 = Release|Any CPU
		{85F53E71-B879-424A-9369-F68D2A8AF78B}.Debug|Any CPU.ActiveCfg = Debug|Any CPU
		{85F53E71-B879-424A-9369-F68D2A8AF78B}.Debug|Any CPU.Build.0 = Debug|Any CPU
		{85F53E71-B879-424A-9369-F68D2A8AF78B}.Release|Any CPU.ActiveCfg = Release|Any CPU
		{85F53E71-B879-424A-9369-F68D2A8AF78B}.Release|Any CPU.Build.0 = Release|Any CPU
		{ED602C5A-D958-4954-8373-4A6AED36F574}.Debug|Any CPU.ActiveCfg = Debug|Any CPU
		{ED602C5A-D958-4954-8373-4A6AED36F574}.Debug|Any CPU.Build.0 = Debug|Any CPU
		{ED602C5A-D958-4954-8373-4A6AED36F574}.Release|Any CPU.ActiveCfg = Release|Any CPU
		{ED602C5A-D958-4954-8373-4A6AED36F574}.Release|Any CPU.Build.0 = Release|Any CPU
	EndGlobalSection
EndGlobal
